
Microsoft Visual Studio Solution File, Format Version 12.00
# Visual Studio Version 17
VisualStudioVersion = 17.0.31903.59
MinimumVisualStudioVersion = 10.0.40219.1
Project("{FAE04EC0-301F-11D3-BF4B-00C04F79EFBC}") = "CreditCardMaskConsole", "CreditCardMaskConsole\CreditCardMaskConsole.csproj", "{E3322E43-0C28-465E-8959-E78BAED70D27}"
EndProject
Project("{FAE04EC0-301F-11D3-BF4B-00C04F79EFBC}") = "CreditCardMaskTest", "CreditCardMaskTest\CreditCardMaskTest.csproj", "{E154F450-632C-4FD8-AFE2-DE09F8E71C3A}"
EndProject
Global
	GlobalSection(SolutionConfigurationPlatforms) = preSolution
		Debug|Any CPU = Debug|Any CPU
		Release|Any CPU = Release|Any CPU
	EndGlobalSection
	GlobalSection(SolutionProperties) = preSolution
		HideSolutionNode = FALSE
	EndGlobalSection
	GlobalSection(ProjectConfigurationPlatforms) = postSolution
		{E3322E43-0C28-465E-8959-E78BAED70D27}.Debug|Any CPU.ActiveCfg = Debug|Any CPU
		{E3322E43-0C28-465E-8959-E78BAED70D27}.Debug|Any CPU.Build.0 = Debug|Any CPU
		{E3322E43-0C28-465E-8959-E78BAED70D27}.Release|Any CPU.ActiveCfg = Release|Any CPU
		{E3322E43-0C28-465E-8959-E78BAED70D27}.Release|Any CPU.Build.0 = Release|Any CPU
		{E154F450-632C-4FD8-AFE2-DE09F8E71C3A}.Debug|Any CPU.ActiveCfg = Debug|Any CPU
		{E154F450-632C-4FD8-AFE2-DE09F8E71C3A}.Debug|Any CPU.Build.0 = Debug|Any CPU
		{E154F450-632C-4FD8-AFE2-DE09F8E71C3A}.Release|Any CPU.ActiveCfg = Release|Any CPU
		{E154F450-632C-4FD8-AFE2-DE09F8E71C3A}.Release|Any CPU.Build.0 = Release|Any CPU
	EndGlobalSection
EndGlobal
